
Microsoft Visual Studio Solution File, Format Version 12.00
# Visual Studio Version 16
VisualStudioVersion = 16.0.31624.102
MinimumVisualStudioVersion = 10.0.40219.1
Project("{9A19103F-16F7-4668-BE54-9A1E7A4F7556}") = "FunctionsReturnAndArraysFromFile", "FunctionsReturnAndArraysFromFile\FunctionsReturnAndArraysFromFile.csproj", "{313ADBCF-2A7F-4C96-B662-7FC67EC523E1}"
EndProject
Project("{9A19103F-16F7-4668-BE54-9A1E7A4F7556}") = "FridayNightRandom", "FridayNightRandom\FridayNightRandom.csproj", "{8B142BB1-07D6-4A78-95A9-09A2A7EC7B86}"
EndProject
Project("{9A19103F-16F7-4668-BE54-9A1E7A4F7556}") = "FridayNightRandomReturn", "FridayNightRandomReturn\FridayNightRandomReturn.csproj", "{0E1CA899-ABE8-4CFE-B180-9B32956E2E6B}"
EndProject
Project("{FAE04EC0-301F-11D3-BF4B-00C04F79EFBC}") = "PickRandomFromFile", "PickRandomFromFile\PickRandomFromFile.csproj", "{36EC02A5-C12F-480B-A282-C14127D63221}"
EndProject
Project("{FAE04EC0-301F-11D3-BF4B-00C04F79EFBC}") = "ChuckNorris", "ChuckNorris\ChuckNorris.csproj", "{08365A22-CFFB-43B2-9124-35F6B357AC82}"
EndProject
Global
	GlobalSection(SolutionConfigurationPlatforms) = preSolution
		Debug|Any CPU = Debug|Any CPU
		Release|Any CPU = Release|Any CPU
	EndGlobalSection
	GlobalSection(ProjectConfigurationPlatforms) = postSolution
		{313ADBCF-2A7F-4C96-B662-7FC67EC523E1}.Debug|Any CPU.ActiveCfg = Debug|Any CPU
		{313ADBCF-2A7F-4C96-B662-7FC67EC523E1}.Debug|Any CPU.Build.0 = Debug|Any CPU
		{313ADBCF-2A7F-4C96-B662-7FC67EC523E1}.Release|Any CPU.ActiveCfg = Release|Any CPU
		{313ADBCF-2A7F-4C96-B662-7FC67EC523E1}.Release|Any CPU.Build.0 = Release|Any CPU
		{8B142BB1-07D6-4A78-95A9-09A2A7EC7B86}.Debug|Any CPU.ActiveCfg = Debug|Any CPU
		{8B142BB1-07D6-4A78-95A9-09A2A7EC7B86}.Debug|Any CPU.Build.0 = Debug|Any CPU
		{8B142BB1-07D6-4A78-95A9-09A2A7EC7B86}.Release|Any CPU.ActiveCfg = Release|Any CPU
		{8B142BB1-07D6-4A78-95A9-09A2A7EC7B86}.Release|Any CPU.Build.0 = Release|Any CPU
		{0E1CA899-ABE8-4CFE-B180-9B32956E2E6B}.Debug|Any CPU.ActiveCfg = Debug|Any CPU
		{0E1CA899-ABE8-4CFE-B180-9B32956E2E6B}.Debug|Any CPU.Build.0 = Debug|Any CPU
		{0E1CA899-ABE8-4CFE-B180-9B32956E2E6B}.Release|Any CPU.ActiveCfg = Release|Any CPU
		{0E1CA899-ABE8-4CFE-B180-9B32956E2E6B}.Release|Any CPU.Build.0 = Release|Any CPU
		{36EC02A5-C12F-480B-A282-C14127D63221}.Debug|Any CPU.ActiveCfg = Debug|Any CPU
		{36EC02A5-C12F-480B-A282-C14127D63221}.Debug|Any CPU.Build.0 = Debug|Any CPU
		{36EC02A5-C12F-480B-A282-C14127D63221}.Release|Any CPU.ActiveCfg = Release|Any CPU
		{36EC02A5-C12F-480B-A282-C14127D63221}.Release|Any CPU.Build.0 = Release|Any CPU
		{08365A22-CFFB-43B2-9124-35F6B357AC82}.Debug|Any CPU.ActiveCfg = Debug|Any CPU
		{08365A22-CFFB-43B2-9124-35F6B357AC82}.Debug|Any CPU.Build.0 = Debug|Any CPU
		{08365A22-CFFB-43B2-9124-35F6B357AC82}.Release|Any CPU.ActiveCfg = Release|Any CPU
		{08365A22-CFFB-43B2-9124-35F6B357AC82}.Release|Any CPU.Build.0 = Release|Any CPU
	EndGlobalSection
	GlobalSection(SolutionProperties) = preSolution
		HideSolutionNode = FALSE
	EndGlobalSection
	GlobalSection(ExtensibilityGlobals) = postSolution
		SolutionGuid = {54323D50-C69C-4829-8FB2-49402FBC1729}
	EndGlobalSection
EndGlobal
